
Microsoft Visual Studio Solution File, Format Version 11.00
# Visual Studio 2010
Project("{FAE04EC0-301F-11D3-BF4B-00C04F79EFBC}") = "TifScanTool", "TifScanTool.csproj", "{7C8205F2-D06D-443E-A171-40B61C6D32EA}"
EndProject
Project("{54435603-DBB4-11D2-8724-00A0C9A8B90C}") = "SetupUniscan", "SetupUniscan\SetupUniscan.vdproj", "{88087265-4AE5-4A7E-9886-D7CB1A7ACF5B}"
EndProject
Global
	GlobalSection(SubversionScc) = preSolution
		Svn-Managed = True
		Manager = AnkhSVN - Subversion Support for Visual Studio
	EndGlobalSection
	GlobalSection(SolutionConfigurationPlatforms) = preSolution
		Debug|Any CPU = Debug|Any CPU
		Debug|x86 = Debug|x86
		Release|Any CPU = Release|Any CPU
		Release|x86 = Release|x86
	EndGlobalSection
	GlobalSection(ProjectConfigurationPlatforms) = postSolution
		{7C8205F2-D06D-443E-A171-40B61C6D32EA}.Debug|Any CPU.ActiveCfg = Release|Any CPU
		{7C8205F2-D06D-443E-A171-40B61C6D32EA}.Debug|Any CPU.Build.0 = Release|Any CPU
		{7C8205F2-D06D-443E-A171-40B61C6D32EA}.Debug|x86.ActiveCfg = Release|x86
		{7C8205F2-D06D-443E-A171-40B61C6D32EA}.Debug|x86.Build.0 = Release|x86
		{7C8205F2-D06D-443E-A171-40B61C6D32EA}.Release|Any CPU.ActiveCfg = Release|Any CPU
		{7C8205F2-D06D-443E-A171-40B61C6D32EA}.Release|Any CPU.Build.0 = Release|Any CPU
		{7C8205F2-D06D-443E-A171-40B61C6D32EA}.Release|x86.ActiveCfg = Release|x86
		{7C8205F2-D06D-443E-A171-40B61C6D32EA}.Release|x86.Build.0 = Release|x86
		{88087265-4AE5-4A7E-9886-D7CB1A7ACF5B}.Debug|Any CPU.ActiveCfg = Debug
		{88087265-4AE5-4A7E-9886-D7CB1A7ACF5B}.Debug|x86.ActiveCfg = Debug
		{88087265-4AE5-4A7E-9886-D7CB1A7ACF5B}.Debug|x86.Build.0 = Debug
		{88087265-4AE5-4A7E-9886-D7CB1A7ACF5B}.Release|Any CPU.ActiveCfg = Release
		{88087265-4AE5-4A7E-9886-D7CB1A7ACF5B}.Release|x86.ActiveCfg = Release
		{88087265-4AE5-4A7E-9886-D7CB1A7ACF5B}.Release|x86.Build.0 = Release
	EndGlobalSection
	GlobalSection(SolutionProperties) = preSolution
		HideSolutionNode = FALSE
	EndGlobalSection
EndGlobal
